# Code generated by scarb DO NOT EDIT.
version = 1

[[package]]
name = "achievement"
version = "0.0.0"
source = "git+https://github.com/cartridge-gg/arcade?tag=v1.6.1#6438a74b589c3cac19b9782709e3845215ec67d6"
dependencies = [
 "dojo",
]

[[package]]
name = "combat_game"
version = "0.1.0"
dependencies = [
 "achievement",
 "dojo",
 "dojo_cairo_test",
]

[[package]]
name = "dojo"
version = "1.6.1"
source = "git+https://github.com/dojoengine/dojo?tag=v1.6.1#a4f9445cf925e999d97038f596806ec307981a9b"
dependencies = [
 "dojo_plugin",
]

[[package]]
name = "dojo_cairo_test"
version = "1.6.1"
source = "git+https://github.com/dojoengine/dojo?tag=v1.6.1#a4f9445cf925e999d97038f596806ec307981a9b"
dependencies = [
 "dojo",
]

[[package]]
name = "dojo_plugin"
version = "2.10.1"
source = "git+https://github.com/dojoengine/dojo?tag=v1.6.1#a4f9445cf925e999d97038f596806ec307981a9b"
