# Code generated by scarb DO NOT EDIT.
version = 1

[[package]]
name = "achievement"
version = "0.0.0"
source = "git+https://github.com/cartridge-gg/arcade?tag=v1.6.0-alpha.1#0378ed6d9d8188fa6532e66c8db8729a27eb8a5f"
dependencies = [
 "dojo",
]

[[package]]
name = "combat_game"
version = "0.1.0"
dependencies = [
 "achievement",
 "dojo",
 "dojo_cairo_test",
]

[[package]]
name = "dojo"
version = "1.6.0-alpha.0"
source = "git+https://github.com/dojoengine/dojo?tag=v1.6.0-alpha.1#054623bbf939a3bf90786355bd9b081a2b1b3c3a"
dependencies = [
 "dojo_plugin",
]

[[package]]
name = "dojo_cairo_test"
version = "1.6.0-alpha.0"
source = "git+https://github.com/dojoengine/dojo?tag=v1.6.0-alpha.1#054623bbf939a3bf90786355bd9b081a2b1b3c3a"
dependencies = [
 "dojo",
]

[[package]]
name = "dojo_plugin"
version = "2.10.1"
source = "git+https://github.com/dojoengine/dojo?tag=v1.6.0-alpha.1#054623bbf939a3bf90786355bd9b081a2b1b3c3a"
