# Code generated by scarb DO NOT EDIT.
version = 1

[[package]]
name = "achievement"
version = "0.0.0"
source = "git+https://github.com/cartridge-gg/arcade?tag=v1.2.1#8b8ccea5ec85ae7f903903ced9cd16e16b8e47cb"
dependencies = [
 "dojo",
]

[[package]]
name = "combat_game"
version = "0.1.0"
dependencies = [
 "achievement",
 "dojo",
 "dojo_cairo_test",
]

[[package]]
name = "dojo"
version = "1.2.1"
source = "git+https://github.com/dojoengine/dojo?tag=v1.2.1#3d4b1a3e662f70679813f9fb65c0b5c7fa5d6f0a"
dependencies = [
 "dojo_plugin",
]

[[package]]
name = "dojo_cairo_test"
version = "1.0.12"
source = "git+https://github.com/dojoengine/dojo?tag=v1.2.1#3d4b1a3e662f70679813f9fb65c0b5c7fa5d6f0a"
dependencies = [
 "dojo",
]

[[package]]
name = "dojo_plugin"
version = "2.9.2"
source = "git+https://github.com/dojoengine/dojo?tag=v1.2.1#3d4b1a3e662f70679813f9fb65c0b5c7fa5d6f0a"
